
Microsoft Visual Studio Solution File, Format Version 12.00
# Visual Studio Version 16
VisualStudioVersion = 16.0.30517.126
MinimumVisualStudioVersion = 10.0.40219.1
Project("{FAE04EC0-301F-11D3-BF4B-00C04F79EFBC}") = "HowOldAreYou", "HowOldAreYou\HowOldAreYou.csproj", "{35FEB4BF-1623-4AD2-B3EF-BDA4D0F609CF}"
EndProject
Global
	GlobalSection(SolutionConfigurationPlatforms) = preSolution
		Debug|Any CPU = Debug|Any CPU
		Release|Any CPU = Release|Any CPU
	EndGlobalSection
	GlobalSection(ProjectConfigurationPlatforms) = postSolution
		{35FEB4BF-1623-4AD2-B3EF-BDA4D0F609CF}.Debug|Any CPU.ActiveCfg = Debug|Any CPU
		{35FEB4BF-1623-4AD2-B3EF-BDA4D0F609CF}.Debug|Any CPU.Build.0 = Debug|Any CPU
		{35FEB4BF-1623-4AD2-B3EF-BDA4D0F609CF}.Release|Any CPU.ActiveCfg = Release|Any CPU
		{35FEB4BF-1623-4AD2-B3EF-BDA4D0F609CF}.Release|Any CPU.Build.0 = Release|Any CPU
	EndGlobalSection
	GlobalSection(SolutionProperties) = preSolution
		HideSolutionNode = FALSE
	EndGlobalSection
	GlobalSection(ExtensibilityGlobals) = postSolution
		SolutionGuid = {EEAEF4D7-45AF-4805-9D19-220E70E1922C}
	EndGlobalSection
EndGlobal
